{
  "version": 4,
  "terraform_version": "1.15.8",
  "serial": 7,
  "lineage": "fa02ae57-cb8f-eee4-f517-c9c78f8bee9a",
  "outputs": {},
  "resources": [
    {
      "mode": "data",
      "type": "archive_file",
      "name": "lambda",
      "provider": "provider[\"registry.terraform.io/hashicorp/archive\"]",
      "instances": [
        {
          "schema_version": 0,
          "attributes": {
            "exclude_symlink_directories": null,
            "excludes": null,
            "id": "fa8800807df17306db8b8edaa2557496f9eb508a",
            "output_base64sha256": "+XqEY4V0rMEpuw3E+SHbPz8tshWPxq9fZGrCl6Qr1Dc=",
            "output_base64sha512": "mwfC7AnIAfccEwsyIUVigiJV39flN6nalmze4YBdi8SFoiLmq3Yoan5endoU6DtPSX2AcmEm2euU8A5EAzaOjA==",
            "output_file_mode": null,
            "output_md5": "310ba402dfcf8c5bfee3ea82d628463a",
            "output_path": "./lambda.zip",
            "output_sha": "fa8800807df17306db8b8edaa2557496f9eb508a",
            "output_sha256": "f97a84638574acc129bb0dc4f921db3f3f2db2158fc6af5f646ac297a42bd437",
            "output_sha512": "9b07c2ec09c801f71c130b32214562822255dfd7e537a9da966cdee1805d8bc485a222e6ab76286a7e5e9dda14e83b4f497d80726126d9eb94f00e4403368e8c",
            "output_size": 304775,
            "source": [],
            "source_content": null,
            "source_content_filename": null,
            "source_dir": "./publish",
            "source_file": null,
            "type": "zip"
          },
          "sensitive_attributes": [],
          "identity_schema_version": 0
        }
      ]
    },
    {
      "mode": "managed",
      "type": "aws_iam_role",
      "name": "lambda_role",
      "provider": "provider[\"registry.terraform.io/hashicorp/aws\"]",
      "instances": [
        {
          "schema_version": 0,
          "attributes": {
            "arn": "arn:aws:iam::716904822682:role/basic-dotnet-lambda-role",
            "assume_role_policy": "{\"Statement\":[{\"Action\":\"sts:AssumeRole\",\"Effect\":\"Allow\",\"Principal\":{\"Service\":\"lambda.amazonaws.com\"}}],\"Version\":\"2012-10-17\"}",
            "create_date": "2026-08-30T16:34:15Z",
            "description": "",
            "force_detach_policies": false,
            "id": "basic-dotnet-lambda-role",
            "inline_policy": [],
            "managed_policy_arns": [
              "arn:aws:iam::aws:policy/service-role/AWSLambdaBasicExecutionRole"
            ],
            "max_session_duration": 3600,
            "name": "basic-dotnet-lambda-role",
            "name_prefix": "",
            "path": "/",
            "permissions_boundary": "",
            "tags": {},
            "tags_all": {},
            "unique_id": "AROA2N2W3O6NPHJB3WHBX"
          },
          "sensitive_attributes": [],
          "identity_schema_version": 0,
          "identity": {
            "account_id": "716904822682",
            "name": "basic-dotnet-lambda-role"
          },
          "private": "bnVsbA=="
        }
      ]
    },
    {
      "mode": "managed",
      "type": "aws_iam_role_policy_attachment",
      "name": "lambda_logs",
      "provider": "provider[\"registry.terraform.io/hashicorp/aws\"]",
      "instances": [
        {
          "schema_version": 0,
          "attributes": {
            "id": "basic-dotnet-lambda-role/arn:aws:iam::aws:policy/service-role/AWSLambdaBasicExecutionRole",
            "policy_arn": "arn:aws:iam::aws:policy/service-role/AWSLambdaBasicExecutionRole",
            "role": "basic-dotnet-lambda-role"
          },
          "sensitive_attributes": [],
          "identity_schema_version": 0,
          "identity": {
            "account_id": "716904822682",
            "policy_arn": "arn:aws:iam::aws:policy/service-role/AWSLambdaBasicExecutionRole",
            "role": "basic-dotnet-lambda-role"
          },
          "private": "bnVsbA==",
          "dependencies": [
            "aws_iam_role.lambda_role"
          ]
        }
      ]
    },
    {
      "mode": "managed",
      "type": "aws_lambda_function",
      "name": "hello",
      "provider": "provider[\"registry.terraform.io/hashicorp/aws\"]",
      "instances": [
        {
          "schema_version": 0,
          "attributes": {
            "architectures": [
              "x86_64"
            ],
            "arn": "arn:aws:lambda:us-east-2:716904822682:function:basic-dotnet-lambda",
            "capacity_provider_config": [],
            "code_sha256": "+XqEY4V0rMEpuw3E+SHbPz8tshWPxq9fZGrCl6Qr1Dc=",
            "code_signing_config_arn": "",
            "dead_letter_config": [],
            "description": "",
            "durable_config": [],
            "environment": [],
            "ephemeral_storage": [
              {
                "size": 512
              }
            ],
            "file_system_config": [],
            "filename": "./lambda.zip",
            "function_name": "basic-dotnet-lambda",
            "handler": "dotnet::LambdaTest.LambdaHandler::handleRequest",
            "id": "basic-dotnet-lambda",
            "image_config": [],
            "image_uri": "",
            "invoke_arn": "arn:aws:apigateway:us-east-2:lambda:path/2015-03-31/functions/arn:aws:lambda:us-east-2:716904822682:function:basic-dotnet-lambda/invocations",
            "kms_key_arn": "",
            "last_modified": "2026-08-30T16:50:10.000+0000",
            "layers": [],
            "logging_config": [
              {
                "application_log_level": "",
                "log_format": "Text",
                "log_group": "/aws/lambda/basic-dotnet-lambda",
                "system_log_level": ""
              }
            ],
            "memory_size": 128,
            "package_type": "Zip",
            "publish": false,
            "publish_to": null,
            "qualified_arn": "arn:aws:lambda:us-east-2:716904822682:function:basic-dotnet-lambda:$LATEST",
            "qualified_invoke_arn": "arn:aws:apigateway:us-east-2:lambda:path/2015-03-31/functions/arn:aws:lambda:us-east-2:716904822682:function:basic-dotnet-lambda:$LATEST/invocations",
            "region": "us-east-2",
            "replace_security_groups_on_destroy": null,
            "replacement_security_group_ids": null,
            "reserved_concurrent_executions": -1,
            "response_streaming_invoke_arn": "arn:aws:apigateway:us-east-2:lambda:path/2021-11-15/functions/arn:aws:lambda:us-east-2:716904822682:function:basic-dotnet-lambda/response-streaming-invocations",
            "role": "arn:aws:iam::716904822682:role/basic-dotnet-lambda-role",
            "runtime": "dotnet10",
            "s3_bucket": null,
            "s3_key": null,
            "s3_object_version": null,
            "signing_job_arn": "",
            "signing_profile_version_arn": "",
            "skip_destroy": false,
            "snap_start": [],
            "source_code_hash": "+XqEY4V0rMEpuw3E+SHbPz8tshWPxq9fZGrCl6Qr1Dc=",
            "source_code_size": 304775,
            "source_kms_key_arn": "",
            "tags": {},
            "tags_all": {},
            "tenancy_config": [],
            "timeout": 3,
            "timeouts": null,
            "tracing_config": [
              {
                "mode": "PassThrough"
              }
            ],
            "use_resource_timeout_for_propagation": null,
            "version": "$LATEST",
            "vpc_config": []
          },
          "sensitive_attributes": [],
          "identity_schema_version": 0,
          "identity": {
            "account_id": "716904822682",
            "function_name": "basic-dotnet-lambda",
            "region": "us-east-2"
          },
          "private": "eyJlMmJmYjczMC1lY2FhLTExZTYtOGY4OC0zNDM2M2JjN2M0YzAiOnsiY3JlYXRlIjo2MDAwMDAwMDAwMDAsImRlbGV0ZSI6NjAwMDAwMDAwMDAwLCJ1cGRhdGUiOjYwMDAwMDAwMDAwMH19",
          "dependencies": [
            "aws_iam_role.lambda_role",
            "data.archive_file.lambda"
          ]
        }
      ]
    }
  ],
  "check_results": null
}
